download_data:
  cmd: python src/data/download_data.py
  params:
    params.yaml:
      kaggle_dataset: lakshmi25npathi/imdb-dataset-of-50k-movie-reviews
  outs:
  - path: data/raw/IMDB Dataset.csv
    md5: 308443a50e5c993e7b8a1cdb95750026
    size: 66212309
train_test_split:
  cmd: python src/features/train_test_split.py
  deps:
  - path: data/raw/IMDB Dataset.csv
    md5: 308443a50e5c993e7b8a1cdb95750026
    size: 66212309
  params:
    params.yaml:
      file_path: data/raw/IMDB Dataset.csv
      split_seed: 42
      test_size: 0.2
  outs:
  - path: data/processed/test.csv
    md5: d626b6b16f542d90437846ffea43a2fb
    size: 13283637
  - path: data/processed/train.csv
    md5: ff6d17be7ecb66e30f2e907adce00378
    size: 52928689
train_lstm:
  cmd: python src/models/lstm.py
  deps:
  - path: data/processed/test.csv
    md5: d626b6b16f542d90437846ffea43a2fb
    size: 13283637
  - path: data/processed/train.csv
    md5: ff6d17be7ecb66e30f2e907adce00378
    size: 52928689
  params:
    params.yaml:
      embedding_dim: 16
      lstm_units: 32
      max_length: 120
      num_epochs: 3
      oov_tok: <OOV>
      trunc_type: post
      vocab_size: 10000
  outs:
  - path: data/fit_history/lstm_history/
    md5: d1c809ccf50ceb75355fbd2f5c051f4f.dir
    size: 255
    nfiles: 1
  - path: models/lstm/
    md5: e74f007e711852eec2457292bc5369e0.dir
    size: 4669091
    nfiles: 3
train_dense:
  cmd: python src/models/dense.py
  deps:
  - path: data/processed/test.csv
    md5: d626b6b16f542d90437846ffea43a2fb
    size: 13283637
  - path: data/processed/train.csv
    md5: ff6d17be7ecb66e30f2e907adce00378
    size: 52928689
  params:
    params.yaml:
      dense_units: 64
      embedding_dim: 16
      max_length: 120
      num_epochs: 3
      oov_tok: <OOV>
      trunc_type: post
      vocab_size: 10000
  outs:
  - path: data/fit_history/dense_history/
    md5: 80276235d07162d1410c8ac177c8c2c2.dir
    size: 254
    nfiles: 1
  - path: models/dense/
    md5: 5a3a4bdbabbe19e2e22b306cdcad5cee.dir
    size: 2569851
    nfiles: 3
